
Microsoft Visual Studio Solution File, Format Version 12.00
# Visual Studio Version 16
VisualStudioVersion = 16.0.31702.278
MinimumVisualStudioVersion = 10.0.40219.1
Project("{FAE04EC0-301F-11D3-BF4B-00C04F79EFBC}") = "Farcas_Diana_Lab8", "Farcas_Diana_Lab8.csproj", "{B23EAC9D-CB58-4529-A8FA-7F7309E2D4E0}"
EndProject
Global
	GlobalSection(SolutionConfigurationPlatforms) = preSolution
		Debug|Any CPU = Debug|Any CPU
		Release|Any CPU = Release|Any CPU
	EndGlobalSection
	GlobalSection(ProjectConfigurationPlatforms) = postSolution
		{B23EAC9D-CB58-4529-A8FA-7F7309E2D4E0}.Debug|Any CPU.ActiveCfg = Debug|Any CPU
		{B23EAC9D-CB58-4529-A8FA-7F7309E2D4E0}.Debug|Any CPU.Build.0 = Debug|Any CPU
		{B23EAC9D-CB58-4529-A8FA-7F7309E2D4E0}.Release|Any CPU.ActiveCfg = Release|Any CPU
		{B23EAC9D-CB58-4529-A8FA-7F7309E2D4E0}.Release|Any CPU.Build.0 = Release|Any CPU
	EndGlobalSection
	GlobalSection(SolutionProperties) = preSolution
		HideSolutionNode = FALSE
	EndGlobalSection
	GlobalSection(ExtensibilityGlobals) = postSolution
		SolutionGuid = {24974ECC-A8E5-470E-AB6C-28FE3347296E}
	EndGlobalSection
EndGlobal
